
Microsoft Visual Studio Solution File, Format Version 12.00
# Visual Studio Version 16
VisualStudioVersion = 16.0.29709.97
MinimumVisualStudioVersion = 10.0.40219.1
Project("{FAE04EC0-301F-11D3-BF4B-00C04F79EFBC}") = "CRUD", "CRUD\CRUD.csproj", "{70F2B5D7-C3B1-4DD4-88C1-CC09E5FE9C85}"
EndProject
Global
	GlobalSection(SolutionConfigurationPlatforms) = preSolution
		Debug|Any CPU = Debug|Any CPU
		Release|Any CPU = Release|Any CPU
	EndGlobalSection
	GlobalSection(ProjectConfigurationPlatforms) = postSolution
		{70F2B5D7-C3B1-4DD4-88C1-CC09E5FE9C85}.Debug|Any CPU.ActiveCfg = Debug|Any CPU
		{70F2B5D7-C3B1-4DD4-88C1-CC09E5FE9C85}.Debug|Any CPU.Build.0 = Debug|Any CPU
		{70F2B5D7-C3B1-4DD4-88C1-CC09E5FE9C85}.Release|Any CPU.ActiveCfg = Release|Any CPU
		{70F2B5D7-C3B1-4DD4-88C1-CC09E5FE9C85}.Release|Any CPU.Build.0 = Release|Any CPU
	EndGlobalSection
	GlobalSection(SolutionProperties) = preSolution
		HideSolutionNode = FALSE
	EndGlobalSection
	GlobalSection(ExtensibilityGlobals) = postSolution
		SolutionGuid = {1E6F8B7F-E0B3-4E7A-BFED-9B3DFE442EB8}
	EndGlobalSection
EndGlobal
